
Microsoft Visual Studio Solution File, Format Version 12.00
# Visual Studio Version 17
VisualStudioVersion = 17.9.34723.18
MinimumVisualStudioVersion = 10.0.40219.1
Project("{FAE04EC0-301F-11D3-BF4B-00C04F79EFBC}") = "rtoasaT2", "rtoasaT2.csproj", "{0917F6E3-EE00-418D-94F0-52CCCAC2ED20}"
EndProject
Global
	GlobalSection(SolutionConfigurationPlatforms) = preSolution
		Debug|Any CPU = Debug|Any CPU
		Release|Any CPU = Release|Any CPU
	EndGlobalSection
	GlobalSection(ProjectConfigurationPlatforms) = postSolution
		{0917F6E3-EE00-418D-94F0-52CCCAC2ED20}.Debug|Any CPU.ActiveCfg = Debug|Any CPU
		{0917F6E3-EE00-418D-94F0-52CCCAC2ED20}.Debug|Any CPU.Build.0 = Debug|Any CPU
		{0917F6E3-EE00-418D-94F0-52CCCAC2ED20}.Debug|Any CPU.Deploy.0 = Debug|Any CPU
		{0917F6E3-EE00-418D-94F0-52CCCAC2ED20}.Release|Any CPU.ActiveCfg = Release|Any CPU
		{0917F6E3-EE00-418D-94F0-52CCCAC2ED20}.Release|Any CPU.Build.0 = Release|Any CPU
		{0917F6E3-EE00-418D-94F0-52CCCAC2ED20}.Release|Any CPU.Deploy.0 = Release|Any CPU
	EndGlobalSection
	GlobalSection(SolutionProperties) = preSolution
		HideSolutionNode = FALSE
	EndGlobalSection
	GlobalSection(ExtensibilityGlobals) = postSolution
		SolutionGuid = {ED9B404B-B24C-4B99-99C8-09ABC2FF03C1}
	EndGlobalSection
EndGlobal
